
Microsoft Visual Studio Solution File, Format Version 12.00
# Visual Studio Version 16
VisualStudioVersion = 16.0.31112.23
MinimumVisualStudioVersion = 10.0.40219.1
Project("{FAE04EC0-301F-11D3-BF4B-00C04F79EFBC}") = "TranNgocTin_5851071074", "TranNgocTin_5851071074\TranNgocTin_5851071074.csproj", "{23C16184-F225-4222-BF3B-17F5D7D5E631}"
EndProject
Global
	GlobalSection(SolutionConfigurationPlatforms) = preSolution
		Debug|Any CPU = Debug|Any CPU
		Release|Any CPU = Release|Any CPU
	EndGlobalSection
	GlobalSection(ProjectConfigurationPlatforms) = postSolution
		{23C16184-F225-4222-BF3B-17F5D7D5E631}.Debug|Any CPU.ActiveCfg = Debug|Any CPU
		{23C16184-F225-4222-BF3B-17F5D7D5E631}.Debug|Any CPU.Build.0 = Debug|Any CPU
		{23C16184-F225-4222-BF3B-17F5D7D5E631}.Release|Any CPU.ActiveCfg = Release|Any CPU
		{23C16184-F225-4222-BF3B-17F5D7D5E631}.Release|Any CPU.Build.0 = Release|Any CPU
	EndGlobalSection
	GlobalSection(SolutionProperties) = preSolution
		HideSolutionNode = FALSE
	EndGlobalSection
	GlobalSection(ExtensibilityGlobals) = postSolution
		SolutionGuid = {5FED6A6F-E818-4778-B355-96E7BE2A5AD4}
	EndGlobalSection
EndGlobal
